
Microsoft Visual Studio Solution File, Format Version 12.00
# Visual Studio 15
VisualStudioVersion = 15.0.28307.168
MinimumVisualStudioVersion = 10.0.40219.1
Project("{FAE04EC0-301F-11D3-BF4B-00C04F79EFBC}") = "Shuart_TheBoxOffice", "Shuart_TheBoxOffice.csproj", "{3A912B25-FBEA-40AC-A6C3-34590E60F31A}"
EndProject
Global
	GlobalSection(SolutionConfigurationPlatforms) = preSolution
		Debug|Any CPU = Debug|Any CPU
		Release|Any CPU = Release|Any CPU
	EndGlobalSection
	GlobalSection(ProjectConfigurationPlatforms) = postSolution
		{3A912B25-FBEA-40AC-A6C3-34590E60F31A}.Debug|Any CPU.ActiveCfg = Debug|Any CPU
		{3A912B25-FBEA-40AC-A6C3-34590E60F31A}.Debug|Any CPU.Build.0 = Debug|Any CPU
		{3A912B25-FBEA-40AC-A6C3-34590E60F31A}.Release|Any CPU.ActiveCfg = Release|Any CPU
		{3A912B25-FBEA-40AC-A6C3-34590E60F31A}.Release|Any CPU.Build.0 = Release|Any CPU
	EndGlobalSection
	GlobalSection(SolutionProperties) = preSolution
		HideSolutionNode = FALSE
	EndGlobalSection
	GlobalSection(ExtensibilityGlobals) = postSolution
		SolutionGuid = {B92466B5-2B0C-4ED1-A2F1-42AD0CF55C44}
	EndGlobalSection
EndGlobal
